
Microsoft Visual Studio Solution File, Format Version 9.00
# Visual Studio 2005
Project("{FAE04EC0-301F-11D3-BF4B-00C04F79EFBC}") = "NGinn.Lib", "NGinn.Lib\NGinn.Lib.csproj", "{F4C0CF5D-2246-4727-B10B-F3E3E13510A2}"
EndProject
Project("{FAE04EC0-301F-11D3-BF4B-00C04F79EFBC}") = "NGinn.Engine", "NGinn.Engine\NGinn.Engine.csproj", "{C36A860A-1AE3-4882-BA2C-3310342DF712}"
EndProject
Project("{FAE04EC0-301F-11D3-BF4B-00C04F79EFBC}") = "NGinn.Engine.Dao", "NGinn.Engine.Dao\NGinn.Engine.Dao.csproj", "{26A7F419-0571-4C06-9142-2C1793675838}"
EndProject
Project("{FAE04EC0-301F-11D3-BF4B-00C04F79EFBC}") = "NGinnTest", "NGinnTest\NGinnTest.csproj", "{29E01A57-AD06-42A1-8889-57CEFA10DD58}"
EndProject
Project("{FAE04EC0-301F-11D3-BF4B-00C04F79EFBC}") = "NGinn.Worklist", "NGinn.Worklist\NGinn.Worklist.csproj", "{2A62D383-3B3A-4D57-9711-367E1D064B80}"
EndProject
Global
	GlobalSection(SolutionConfigurationPlatforms) = preSolution
		Debug|Any CPU = Debug|Any CPU
		Release|Any CPU = Release|Any CPU
	EndGlobalSection
	GlobalSection(ProjectConfigurationPlatforms) = postSolution
		{F4C0CF5D-2246-4727-B10B-F3E3E13510A2}.Debug|Any CPU.ActiveCfg = Debug|Any CPU
		{F4C0CF5D-2246-4727-B10B-F3E3E13510A2}.Debug|Any CPU.Build.0 = Debug|Any CPU
		{F4C0CF5D-2246-4727-B10B-F3E3E13510A2}.Release|Any CPU.ActiveCfg = Release|Any CPU
		{F4C0CF5D-2246-4727-B10B-F3E3E13510A2}.Release|Any CPU.Build.0 = Release|Any CPU
		{C36A860A-1AE3-4882-BA2C-3310342DF712}.Debug|Any CPU.ActiveCfg = Debug|Any CPU
		{C36A860A-1AE3-4882-BA2C-3310342DF712}.Debug|Any CPU.Build.0 = Debug|Any CPU
		{C36A860A-1AE3-4882-BA2C-3310342DF712}.Release|Any CPU.ActiveCfg = Release|Any CPU
		{C36A860A-1AE3-4882-BA2C-3310342DF712}.Release|Any CPU.Build.0 = Release|Any CPU
		{26A7F419-0571-4C06-9142-2C1793675838}.Debug|Any CPU.ActiveCfg = Debug|Any CPU
		{26A7F419-0571-4C06-9142-2C1793675838}.Debug|Any CPU.Build.0 = Debug|Any CPU
		{26A7F419-0571-4C06-9142-2C1793675838}.Release|Any CPU.ActiveCfg = Release|Any CPU
		{26A7F419-0571-4C06-9142-2C1793675838}.Release|Any CPU.Build.0 = Release|Any CPU
		{29E01A57-AD06-42A1-8889-57CEFA10DD58}.Debug|Any CPU.ActiveCfg = Debug|Any CPU
		{29E01A57-AD06-42A1-8889-57CEFA10DD58}.Debug|Any CPU.Build.0 = Debug|Any CPU
		{29E01A57-AD06-42A1-8889-57CEFA10DD58}.Release|Any CPU.ActiveCfg = Release|Any CPU
		{29E01A57-AD06-42A1-8889-57CEFA10DD58}.Release|Any CPU.Build.0 = Release|Any CPU
		{2A62D383-3B3A-4D57-9711-367E1D064B80}.Debug|Any CPU.ActiveCfg = Debug|Any CPU
		{2A62D383-3B3A-4D57-9711-367E1D064B80}.Debug|Any CPU.Build.0 = Debug|Any CPU
		{2A62D383-3B3A-4D57-9711-367E1D064B80}.Release|Any CPU.ActiveCfg = Release|Any CPU
		{2A62D383-3B3A-4D57-9711-367E1D064B80}.Release|Any CPU.Build.0 = Release|Any CPU
	EndGlobalSection
	GlobalSection(SolutionProperties) = preSolution
		HideSolutionNode = FALSE
	EndGlobalSection
EndGlobal
