
Microsoft Visual Studio Solution File, Format Version 10.00
# Visual Studio 2008
Project("{FAE04EC0-301F-11D3-BF4B-00C04F79EFBC}") = "FetchTheMail", "FetchTheMail\FetchTheMail.csproj", "{4563AA2A-90A5-4745-B73E-40F10070C15B}"
EndProject
Project("{FAE04EC0-301F-11D3-BF4B-00C04F79EFBC}") = "ParseMimeMessage", "ParseMimeMessage\ParseMimeMessage.csproj", "{7780718B-EB50-4749-9A9E-463A26BF3005}"
EndProject
Global
	GlobalSection(SolutionConfigurationPlatforms) = preSolution
		Debug|Any CPU = Debug|Any CPU
		Release|Any CPU = Release|Any CPU
	EndGlobalSection
	GlobalSection(ProjectConfigurationPlatforms) = postSolution
		{4563AA2A-90A5-4745-B73E-40F10070C15B}.Debug|Any CPU.ActiveCfg = Debug|Any CPU
		{4563AA2A-90A5-4745-B73E-40F10070C15B}.Debug|Any CPU.Build.0 = Debug|Any CPU
		{4563AA2A-90A5-4745-B73E-40F10070C15B}.Release|Any CPU.ActiveCfg = Release|Any CPU
		{4563AA2A-90A5-4745-B73E-40F10070C15B}.Release|Any CPU.Build.0 = Release|Any CPU
		{7780718B-EB50-4749-9A9E-463A26BF3005}.Debug|Any CPU.ActiveCfg = Debug|Any CPU
		{7780718B-EB50-4749-9A9E-463A26BF3005}.Debug|Any CPU.Build.0 = Debug|Any CPU
		{7780718B-EB50-4749-9A9E-463A26BF3005}.Release|Any CPU.ActiveCfg = Release|Any CPU
		{7780718B-EB50-4749-9A9E-463A26BF3005}.Release|Any CPU.Build.0 = Release|Any CPU
	EndGlobalSection
	GlobalSection(SolutionProperties) = preSolution
		HideSolutionNode = FALSE
	EndGlobalSection
EndGlobal
